
Microsoft Visual Studio Solution File, Format Version 12.00
# Visual Studio Version 16
VisualStudioVersion = 25.0.1706.7
MinimumVisualStudioVersion = 10.0.40219.1
Project("{FAE04EC0-301F-11D3-BF4B-00C04F79EFBC}") = "Budget", "Budget\Budget.csproj", "{1C9408B6-9763-41BA-8419-76F4DF8558E2}"
EndProject
Global
	GlobalSection(SolutionConfigurationPlatforms) = preSolution
		Debug|Any CPU = Debug|Any CPU
		Release|Any CPU = Release|Any CPU
	EndGlobalSection
	GlobalSection(ProjectConfigurationPlatforms) = postSolution
		{1C9408B6-9763-41BA-8419-76F4DF8558E2}.Debug|Any CPU.ActiveCfg = Debug|Any CPU
		{1C9408B6-9763-41BA-8419-76F4DF8558E2}.Debug|Any CPU.Build.0 = Debug|Any CPU
		{1C9408B6-9763-41BA-8419-76F4DF8558E2}.Release|Any CPU.ActiveCfg = Release|Any CPU
		{1C9408B6-9763-41BA-8419-76F4DF8558E2}.Release|Any CPU.Build.0 = Release|Any CPU
	EndGlobalSection
	GlobalSection(SolutionProperties) = preSolution
		HideSolutionNode = FALSE
	EndGlobalSection
	GlobalSection(ExtensibilityGlobals) = postSolution
		SolutionGuid = {2FBD94BE-B57A-40EB-92D8-8E0DF8977498}
	EndGlobalSection
EndGlobal
